
Microsoft Visual Studio Solution File, Format Version 12.00
# Visual Studio Version 17
VisualStudioVersion = 17.8.34525.116
MinimumVisualStudioVersion = 10.0.40219.1
Project("{FAE04EC0-301F-11D3-BF4B-00C04F79EFBC}") = "tx-openai-pdf-chat", "tx-openai-pdf-chat\tx-openai-pdf-chat.csproj", "{FC83A89B-025D-4F8A-8D1F-FADF356B3ED8}"
EndProject
Global
	GlobalSection(SolutionConfigurationPlatforms) = preSolution
		Debug|Any CPU = Debug|Any CPU
		Release|Any CPU = Release|Any CPU
	EndGlobalSection
	GlobalSection(ProjectConfigurationPlatforms) = postSolution
		{FC83A89B-025D-4F8A-8D1F-FADF356B3ED8}.Debug|Any CPU.ActiveCfg = Debug|Any CPU
		{FC83A89B-025D-4F8A-8D1F-FADF356B3ED8}.Debug|Any CPU.Build.0 = Debug|Any CPU
		{FC83A89B-025D-4F8A-8D1F-FADF356B3ED8}.Release|Any CPU.ActiveCfg = Release|Any CPU
		{FC83A89B-025D-4F8A-8D1F-FADF356B3ED8}.Release|Any CPU.Build.0 = Release|Any CPU
	EndGlobalSection
	GlobalSection(SolutionProperties) = preSolution
		HideSolutionNode = FALSE
	EndGlobalSection
	GlobalSection(ExtensibilityGlobals) = postSolution
		SolutionGuid = {A4782726-300C-46A1-9DA3-8B1040F08F0C}
	EndGlobalSection
EndGlobal
